
Microsoft Visual Studio Solution File, Format Version 12.00
# Visual Studio Version 17
VisualStudioVersion = 17.11.35327.3
MinimumVisualStudioVersion = 10.0.40219.1
Project("{FAE04EC0-301F-11D3-BF4B-00C04F79EFBC}") = "LaboratorioIII_Proyecto", "LaboratorioIII_Proyecto.csproj", "{C91E53B7-B9FC-4A13-8D97-35B46891F527}"
EndProject
Project("{FAE04EC0-301F-11D3-BF4B-00C04F79EFBC}") = "Negocio", "..\Negocio\Negocio.csproj", "{89F6BAC7-FFD8-4F93-8693-EF684F7C2587}"
EndProject
Project("{FAE04EC0-301F-11D3-BF4B-00C04F79EFBC}") = "Dominio", "..\Dominio\Dominio.csproj", "{920F8179-08D9-4A73-B02B-D146D521C0BF}"
EndProject
Global
	GlobalSection(SolutionConfigurationPlatforms) = preSolution
		Debug|Any CPU = Debug|Any CPU
		Release|Any CPU = Release|Any CPU
	EndGlobalSection
	GlobalSection(ProjectConfigurationPlatforms) = postSolution
		{C91E53B7-B9FC-4A13-8D97-35B46891F527}.Debug|Any CPU.ActiveCfg = Debug|Any CPU
		{C91E53B7-B9FC-4A13-8D97-35B46891F527}.Debug|Any CPU.Build.0 = Debug|Any CPU
		{C91E53B7-B9FC-4A13-8D97-35B46891F527}.Release|Any CPU.ActiveCfg = Release|Any CPU
		{C91E53B7-B9FC-4A13-8D97-35B46891F527}.Release|Any CPU.Build.0 = Release|Any CPU
		{89F6BAC7-FFD8-4F93-8693-EF684F7C2587}.Debug|Any CPU.ActiveCfg = Debug|Any CPU
		{89F6BAC7-FFD8-4F93-8693-EF684F7C2587}.Debug|Any CPU.Build.0 = Debug|Any CPU
		{89F6BAC7-FFD8-4F93-8693-EF684F7C2587}.Release|Any CPU.ActiveCfg = Release|Any CPU
		{89F6BAC7-FFD8-4F93-8693-EF684F7C2587}.Release|Any CPU.Build.0 = Release|Any CPU
		{920F8179-08D9-4A73-B02B-D146D521C0BF}.Debug|Any CPU.ActiveCfg = Debug|Any CPU
		{920F8179-08D9-4A73-B02B-D146D521C0BF}.Debug|Any CPU.Build.0 = Debug|Any CPU
		{920F8179-08D9-4A73-B02B-D146D521C0BF}.Release|Any CPU.ActiveCfg = Release|Any CPU
		{920F8179-08D9-4A73-B02B-D146D521C0BF}.Release|Any CPU.Build.0 = Release|Any CPU
	EndGlobalSection
	GlobalSection(SolutionProperties) = preSolution
		HideSolutionNode = FALSE
	EndGlobalSection
	GlobalSection(ExtensibilityGlobals) = postSolution
		SolutionGuid = {20790822-8638-4BD7-8ACE-26CFB69DBB49}
	EndGlobalSection
EndGlobal
